
Microsoft Visual Studio Solution File, Format Version 12.00
# Visual Studio Version 17
VisualStudioVersion = 17.6.33815.320
MinimumVisualStudioVersion = 10.0.40219.1
Project("{FAE04EC0-301F-11D3-BF4B-00C04F79EFBC}") = "ClassEasy", "ClassEasy.csproj", "{DD4776ED-B964-48E1-B6D5-3D5B479BFB57}"
EndProject
Global
	GlobalSection(SolutionConfigurationPlatforms) = preSolution
		Debug|Any CPU = Debug|Any CPU
		Release|Any CPU = Release|Any CPU
	EndGlobalSection
	GlobalSection(ProjectConfigurationPlatforms) = postSolution
		{DD4776ED-B964-48E1-B6D5-3D5B479BFB57}.Debug|Any CPU.ActiveCfg = Debug|Any CPU
		{DD4776ED-B964-48E1-B6D5-3D5B479BFB57}.Debug|Any CPU.Build.0 = Debug|Any CPU
		{DD4776ED-B964-48E1-B6D5-3D5B479BFB57}.Release|Any CPU.ActiveCfg = Release|Any CPU
		{DD4776ED-B964-48E1-B6D5-3D5B479BFB57}.Release|Any CPU.Build.0 = Release|Any CPU
	EndGlobalSection
	GlobalSection(SolutionProperties) = preSolution
		HideSolutionNode = FALSE
	EndGlobalSection
	GlobalSection(ExtensibilityGlobals) = postSolution
		SolutionGuid = {FACD92E0-3B47-4C38-937D-21FF16DC3F6F}
	EndGlobalSection
EndGlobal
